{
  "version": 4,
  "terraform_version": "1.12.2",
  "serial": 76,
  "lineage": "5d5cfdab-210a-3e86-be6b-507af37ed0e5",
  "outputs": {
    "alb_dns_name": {
      "value": "terraform-alb-1524323945.us-east-1.elb.amazonaws.com",
      "type": "string"
    },
    "ec2_public_dns": {
      "value": "",
      "type": "string"
    },
    "ec2_public_ip": {
      "value": "44.192.105.45",
      "type": "string"
    },
    "private_key_pem": {
      "value": "-----BEGIN RSA PRIVATE KEY-----\nMIIJKAIBAAKCAgEAu9poJxYDb98vDSgLW4vLjN6Geh8Pe6CwXUA4DGPIOdd6lD+2\nTnxP55CfLofC5E9LlnBw0VHMIKYrERikNgkkRISTFPddZEtX6bFy2qupC2C+dSmM\nVapYVfPMyJYYOE7JRfTzTqKMYMAIGKMZVv9KZpL1aqM7j6yjbIg3bjc0hlwiS16n\ni82STmZkmGLDVP1kMv/8sU/QFhp2RZpjSKsLjGExFaMbYHnTB+mChv3cWFzi0k+0\nPwMNEyqydbVRjd6BNsfJyA8Wrgn1EIjDi7BhYsYf7uhfzefVQ8nsDdRy9cxmpD2O\nmqm+kTpe2c0BYOtSq/9Om1knmmBDEla5YazXRrImCfC5Yeq5N7+aYsLdUWkGYXbU\nHr3bcOnB1pG8oywAtCy2NS7HI7qjqCcR7xBobh4pXjLxkKerbutWFZEVemb3Rvzr\n/4Om3Lsdx8ZDaxS0hUaJ3BXfUWlDkX/pbNDXN1YUUWjTZOGNexMfdiVoyxrE2V+J\ngeUwOUCXO+nHpVRbGmS4l4wGGWo8Yb2lB4bKw3SxvHl4fwuiditCzXyCxMVWMd52\nwWmfHnZL4qpV/HlCZHIPZk02y282+ZSnYz3tCfmPoJGa0USMS9aLO59IrqW7k6Eh\nIQLkeC2aovs4ysEnaH1vkDBKQRKRY2D2ZTgnD/Q+0WmbasciMtlhF7qlJhsCAwEA\nAQKCAgAJygQIbroSH9rCAEFgmA8s5uxcu8v2QMrqqRiNSLvb4RyMUipMD71S5LNE\nMk3tJiwFtGlPTHMV4SLjEATVTgemTGmlEOOR1j1ID80GPnt00in1TWDN7AO7bZTR\nKm/WVgC2FQwtdQSvXAJv/5En+pi5cf9jpbWfszrhl9LvpY/RT/F3j6tXz91ybsff\niwdWdqKR58tsFVZ+Iws2bakD1en9pZObEYtb19gFPwgOxHbcN0bt97pTAvPbo6t2\nEn35UHbXpcn1k20L97feEIpuzUEIln4pLdHO7JMCpn3saz2XDSZCI8plHo2wNWRQ\n9uu9+GAFV4IUpVeOJhBeCcfnokv7gRxYcS7FuKNejUV3r8iwsEu73v2JJm8EB+Ug\nBKk0V8VmTf1DzuAXMHU0ZxlsRHTzTyrcXXZ6Eo6i1A+3v9AuD+mzZvlUh39ckW9n\nsscYPfvFpUoVaSngIJnXfCTuQjtzAfd4iT4Cu/Qknw9g8P1M7vUPdAhC2y3zM7Mc\nEpMzbObwDWMGGf9G7bjwF+8oZrVrF3dsRBnvzwcmDAV62GrPCOZfiCASEeZzliXn\n4WtInzzFdA+9pCInrJgC5jE4dWIeZqGu5sMpFTY737BmRDelygQBd/ddQQ8tyvp+\nnEDGbbm8p1LLaBJNuvk8vOINSpy8DlQjlgySwyHbhESEDpFAYQKCAQEA3scWs8Ll\nni/wzyuiHA5S/BuSWoD5kY7FxcuiEPzIKkLuwI7rnZYG5/Q+C2WKNsFlk8HpUTl3\nzZ14cCuNDyWX1HyWgattE9JYd1VZMhZYJVGM3Kt/BvAKgYHuSRijrsIP4KPbomMw\n8zsg4BTMtt0aK299zwVfQy91OoNgoaZFneTV97te9RIeiijHeX3/d9guw8mBbrei\nbc0RsC/WPou4c9Ui4kuvpU7EY4LcTQUHZdMsPqfu2OeqX1fyvxsLXD/yUl86PbcX\nq94/xzzX8rjUjSkassdmpxEkRBqZCzOGPH/h0Cv4VM1YDDNPM/V8hc+yi3OKj8XY\nuHFDBSBp2MeK4QKCAQEA194D87k89vaBEomw9COGh0V5CkEE97cdL5gDHtkKq6gm\n8OCAyhs7Y/PgLACyN7kdvtNiN6wdBaDEfj+fpI+u/jBuPc4ogbQndHJBdt6tVXSp\n5q8y5mKORMvWkAYjqOg5B9ZXtnsZSRHU1K4JVxcSc2AfAKoyvbpGZHp+V8OTAKHl\ns8hs31xav7Q3t1v3I9ZfmmsK/bH2yumdEAeRxEs4ERVIt3XAjNeRVhMe07cf1sAD\nB4aSfJuAp40CPxHvati/ZOsY0sqwAtleDxxemwPqAz++NVzFtVUbTkMQnYxoDI52\nCzFF9h7QKtzh4ZwczmyadZXGPk5Letldz4caxH7sewKCAQEAsfR45wmVoGINS4BA\nU4cBtQ9VPmRud16EDzdV85npTxD+ZOUFw3D3fUw2T6ZB3PFp8bjhZpewYpgagAfZ\n+zJ9cShAlb5ZOI87Sb/sqzz8FntpOVDo/KK80az3qn47KjsssbZSmQoBLRqbbURQ\nLva5k97QsZFKAoIjc6VEiHwoejM01FphRQS/Tn+6sAr9Cj+vQ4hwkv+viWRZb9MW\nogm8QxMLdZcd7L/Z0t/SmNeejDE+06IUAkI0b0ryxsOUtJEEQdZ90JS0HP9BFSc+\nHU6Vw1kFUbBFCMmBncFdZXw4C5XfzQmCqkMJxV0rNIcxfDZoGksmcSiKsPMQpUS6\nKIdlIQKCAQAq5TxFzzZ1INDPPTtDmFegQ8bkqbzx+Jo9Hejo1VpQeA6c6Q/OmZC4\nsPqH4++GMSvfAqROyc3Ok37YU45GpiKw8jDF6VSVSZZZhmbJ1z/8bj1g0Mm9jDIX\nK6ZMYlvtsY+7pfUyFs4Ufg2b4aWLf9MzyBMBD9EbcIuSZeD7UarBgmphyl8QF4sU\n8xvrPMQkg/HlfoXlmdqfwcJrMAXgSs4uXttfUW/czO1dfFkw2v/hrbAsa6pqRoBP\nSy76F3dK9R07UZhSMuK8/jK5r/qAtUtoL999PR0whmPxrlP76q22aQy99qGfYcod\n6lycd2gmAODEoumM8gP/unfwyDkieNJHAoIBACryn5rgDF6sEKt29XHGtuj49tkZ\nm5G9cVMVD4Z7WLJLkayzuQ08IZj8fXcb6ls7KgNUTeZ35BJ3xr24XTpgUa/YuqHQ\ne1ShEYUW4a5Gl5oV7v1m5PrQgjQM5a0aOz+uklSRAatYw207nNtHeXDPyWNjpJM+\n9e8eFU2b5GJ0ZGzwOvCdHS90Oc0ulSZX2ignDqv1QCnLhHt5NDlVrHpQxsJvdaLL\nkF82bcoIwNG/2F87aLxYvSwR44s0qzogBnAfjQ1+u2jRmMB6UMN2U5gz1US5TR83\njedv2/K2pQEExRHrcwC/QMUlkwGIL6vnzbCGzQZ7/0HOns11vIZv1fljrQI=\n-----END RSA PRIVATE KEY-----\n",
      "type": "string",
      "sensitive": true
    }
  },
  "resources": [
    {
      "mode": "managed",
      "type": "aws_db_instance",
      "name": "mysql",
      "provider": "provider[\"registry.terraform.io/hashicorp/aws\"]",
      "instances": [
        {
          "schema_version": 2,
          "attributes": {
            "address": "terraform-mysql-db.cip4g6yg49qi.us-east-1.rds.amazonaws.com",
            "allocated_storage": 20,
            "allow_major_version_upgrade": null,
            "apply_immediately": false,
            "arn": "arn:aws:rds:us-east-1:798278983146:db:terraform-mysql-db",
            "auto_minor_version_upgrade": true,
            "availability_zone": "us-east-1a",
            "backup_retention_period": 0,
            "backup_target": "region",
            "backup_window": "06:10-06:40",
            "blue_green_update": [],
            "ca_cert_identifier": "rds-ca-rsa2048-g1",
            "character_set_name": "",
            "copy_tags_to_snapshot": false,
            "custom_iam_instance_profile": "",
            "customer_owned_ip_enabled": false,
            "database_insights_mode": "standard",
            "db_name": "",
            "db_subnet_group_name": "db-subnet",
            "dedicated_log_volume": false,
            "delete_automated_backups": true,
            "deletion_protection": false,
            "domain": "",
            "domain_auth_secret_arn": "",
            "domain_dns_ips": [],
            "domain_fqdn": "",
            "domain_iam_role_name": "",
            "domain_ou": "",
            "enabled_cloudwatch_logs_exports": [],
            "endpoint": "terraform-mysql-db.cip4g6yg49qi.us-east-1.rds.amazonaws.com:3306",
            "engine": "mysql",
            "engine_lifecycle_support": "open-source-rds-extended-support",
            "engine_version": "8.0.42",
            "engine_version_actual": "8.0.42",
            "final_snapshot_identifier": null,
            "hosted_zone_id": "Z2R2ITUGPM61AM",
            "iam_database_authentication_enabled": false,
            "id": "db-KOH3AWZDIZ74AEAW5CZQFP4SWQ",
            "identifier": "terraform-mysql-db",
            "identifier_prefix": "",
            "instance_class": "db.t3.micro",
            "iops": 0,
            "kms_key_id": "",
            "latest_restorable_time": "",
            "license_model": "general-public-license",
            "listener_endpoint": [],
            "maintenance_window": "thu:08:26-thu:08:56",
            "manage_master_user_password": null,
            "master_user_secret": [],
            "master_user_secret_kms_key_id": null,
            "max_allocated_storage": 0,
            "monitoring_interval": 0,
            "monitoring_role_arn": "",
            "multi_az": false,
            "nchar_character_set_name": "",
            "network_type": "IPV4",
            "option_group_name": "default:mysql-8-0",
            "parameter_group_name": "default.mysql8.0",
            "password": "password123",
            "password_wo": null,
            "password_wo_version": null,
            "performance_insights_enabled": false,
            "performance_insights_kms_key_id": "",
            "performance_insights_retention_period": 0,
            "port": 3306,
            "publicly_accessible": false,
            "region": "us-east-1",
            "replica_mode": "",
            "replicas": [],
            "replicate_source_db": "",
            "resource_id": "db-KOH3AWZDIZ74AEAW5CZQFP4SWQ",
            "restore_to_point_in_time": [],
            "s3_import": [],
            "skip_final_snapshot": true,
            "snapshot_identifier": null,
            "status": "available",
            "storage_encrypted": false,
            "storage_throughput": 0,
            "storage_type": "gp2",
            "tags": {},
            "tags_all": {},
            "timeouts": null,
            "timezone": "",
            "upgrade_storage_config": null,
            "username": "admin",
            "vpc_security_group_ids": [
              "sg-075d55e26d80ef95d"
            ]
          },
          "sensitive_attributes": [
            [
              {
                "type": "get_attr",
                "value": "password"
              }
            ],
            [
              {
                "type": "get_attr",
                "value": "password_wo"
              }
            ]
          ],
          "identity_schema_version": 0,
          "private": "eyJlMmJmYjczMC1lY2FhLTExZTYtOGY4OC0zNDM2M2JjN2M0YzAiOnsiY3JlYXRlIjozMDAwMDAwMDAwMDAwLCJkZWxldGUiOjM2MDAwMDAwMDAwMDAsInVwZGF0ZSI6NDgwMDAwMDAwMDAwMH0sInNjaGVtYV92ZXJzaW9uIjoiMiJ9",
          "dependencies": [
            "aws_db_subnet_group.db_subnet",
            "aws_security_group.db_sg",
            "aws_security_group.web_sg",
            "aws_subnet.private_a",
            "aws_subnet.private_b",
            "aws_vpc.main"
          ]
        }
      ]
    },
    {
      "mode": "managed",
      "type": "aws_db_subnet_group",
      "name": "db_subnet",
      "provider": "provider[\"registry.terraform.io/hashicorp/aws\"]",
      "instances": [
        {
          "schema_version": 0,
          "attributes": {
            "arn": "arn:aws:rds:us-east-1:798278983146:subgrp:db-subnet",
            "description": "Managed by Terraform",
            "id": "db-subnet",
            "name": "db-subnet",
            "name_prefix": "",
            "region": "us-east-1",
            "subnet_ids": [
              "subnet-01fbb81dacc44e7f2",
              "subnet-0a9caa3416e8803d8"
            ],
            "supported_network_types": [
              "IPV4"
            ],
            "tags": {},
            "tags_all": {},
            "vpc_id": "vpc-030bd800ba4ba4702"
          },
          "sensitive_attributes": [],
          "identity_schema_version": 0,
          "private": "bnVsbA==",
          "dependencies": [
            "aws_subnet.private_a",
            "aws_subnet.private_b",
            "aws_vpc.main"
          ]
        }
      ]
    },
    {
      "mode": "managed",
      "type": "aws_instance",
      "name": "web",
      "provider": "provider[\"registry.terraform.io/hashicorp/aws\"]",
      "instances": [
        {
          "schema_version": 2,
          "attributes": {
            "ami": "ami-020cba7c55df1f615",
            "arn": "arn:aws:ec2:us-east-1:798278983146:instance/i-0f45d5198e6de9f06",
            "associate_public_ip_address": true,
            "availability_zone": "us-east-1a",
            "capacity_reservation_specification": [
              {
                "capacity_reservation_preference": "open",
                "capacity_reservation_target": []
              }
            ],
            "cpu_options": [
              {
                "amd_sev_snp": "",
                "core_count": 1,
                "threads_per_core": 1
              }
            ],
            "credit_specification": [
              {
                "cpu_credits": "standard"
              }
            ],
            "disable_api_stop": false,
            "disable_api_termination": false,
            "ebs_block_device": [],
            "ebs_optimized": false,
            "enable_primary_ipv6": null,
            "enclave_options": [
              {
                "enabled": false
              }
            ],
            "ephemeral_block_device": [],
            "force_destroy": false,
            "get_password_data": false,
            "hibernation": false,
            "host_id": "",
            "host_resource_group_arn": null,
            "iam_instance_profile": "",
            "id": "i-0f45d5198e6de9f06",
            "instance_initiated_shutdown_behavior": "stop",
            "instance_lifecycle": "",
            "instance_market_options": [],
            "instance_state": "running",
            "instance_type": "t2.micro",
            "ipv6_address_count": 0,
            "ipv6_addresses": [],
            "key_name": "terraform-web-key",
            "launch_template": [],
            "maintenance_options": [
              {
                "auto_recovery": "default"
              }
            ],
            "metadata_options": [
              {
                "http_endpoint": "enabled",
                "http_protocol_ipv6": "disabled",
                "http_put_response_hop_limit": 2,
                "http_tokens": "required",
                "instance_metadata_tags": "disabled"
              }
            ],
            "monitoring": false,
            "network_interface": [],
            "outpost_arn": "",
            "password_data": "",
            "placement_group": "",
            "placement_partition_number": 0,
            "primary_network_interface_id": "eni-02937e7e911b1e32d",
            "private_dns": "ip-10-0-10-114.ec2.internal",
            "private_dns_name_options": [
              {
                "enable_resource_name_dns_a_record": false,
                "enable_resource_name_dns_aaaa_record": false,
                "hostname_type": "ip-name"
              }
            ],
            "private_ip": "10.0.10.114",
            "public_dns": "",
            "public_ip": "44.192.105.45",
            "region": "us-east-1",
            "root_block_device": [
              {
                "delete_on_termination": true,
                "device_name": "/dev/sda1",
                "encrypted": false,
                "iops": 3000,
                "kms_key_id": "",
                "tags": {},
                "tags_all": {},
                "throughput": 125,
                "volume_id": "vol-08ec9852a1584f8d1",
                "volume_size": 8,
                "volume_type": "gp3"
              }
            ],
            "secondary_private_ips": [],
            "security_groups": [
              "sg-065d370ace971cd09"
            ],
            "source_dest_check": true,
            "spot_instance_request_id": "",
            "subnet_id": "subnet-002ca677476f78992",
            "tags": {
              "Name": "web-server"
            },
            "tags_all": {
              "Name": "web-server"
            },
            "tenancy": "default",
            "timeouts": null,
            "user_data": "#!/bin/bash\r\napt-get update -y\r\napt-get install -y nginx\r\nsystemctl start nginx\r\nsystemctl enable nginx\r\necho \"\u003ch1\u003eHello from Terraform Web App (Ubuntu + Nginx)\u003c/h1\u003e\" \u003e /var/www/html/index.html\r\n",
            "user_data_base64": null,
            "user_data_replace_on_change": false,
            "volume_tags": null,
            "vpc_security_group_ids": [
              "sg-065d370ace971cd09"
            ]
          },
          "sensitive_attributes": [],
          "identity_schema_version": 0,
          "private": "eyJlMmJmYjczMC1lY2FhLTExZTYtOGY4OC0zNDM2M2JjN2M0YzAiOnsiY3JlYXRlIjo2MDAwMDAwMDAwMDAsImRlbGV0ZSI6MTIwMDAwMDAwMDAwMCwicmVhZCI6OTAwMDAwMDAwMDAwLCJ1cGRhdGUiOjYwMDAwMDAwMDAwMH0sInNjaGVtYV92ZXJzaW9uIjoiMiJ9",
          "dependencies": [
            "aws_key_pair.web_key",
            "aws_security_group.web_sg",
            "aws_subnet.public_a",
            "aws_vpc.main",
            "tls_private_key.web_key"
          ]
        }
      ]
    },
    {
      "mode": "managed",
      "type": "aws_internet_gateway",
      "name": "gw",
      "provider": "provider[\"registry.terraform.io/hashicorp/aws\"]",
      "instances": [
        {
          "schema_version": 0,
          "attributes": {
            "arn": "arn:aws:ec2:us-east-1:798278983146:internet-gateway/igw-08d978da7a2fc1110",
            "id": "igw-08d978da7a2fc1110",
            "owner_id": "798278983146",
            "region": "us-east-1",
            "tags": {},
            "tags_all": {},
            "timeouts": null,
            "vpc_id": "vpc-030bd800ba4ba4702"
          },
          "sensitive_attributes": [],
          "identity_schema_version": 0,
          "private": "eyJlMmJmYjczMC1lY2FhLTExZTYtOGY4OC0zNDM2M2JjN2M0YzAiOnsiY3JlYXRlIjoxMjAwMDAwMDAwMDAwLCJkZWxldGUiOjEyMDAwMDAwMDAwMDAsInVwZGF0ZSI6MTIwMDAwMDAwMDAwMH19",
          "dependencies": [
            "aws_vpc.main"
          ]
        }
      ]
    },
    {
      "mode": "managed",
      "type": "aws_key_pair",
      "name": "web_key",
      "provider": "provider[\"registry.terraform.io/hashicorp/aws\"]",
      "instances": [
        {
          "schema_version": 1,
          "attributes": {
            "arn": "arn:aws:ec2:us-east-1:798278983146:key-pair/terraform-web-key",
            "fingerprint": "f5:71:c7:39:9b:ef:4a:b6:00:90:2c:cc:64:dc:70:5d",
            "id": "terraform-web-key",
            "key_name": "terraform-web-key",
            "key_name_prefix": "",
            "key_pair_id": "key-094a8f50cb101668a",
            "key_type": "rsa",
            "public_key": "ssh-rsa AAAAB3NzaC1yc2EAAAADAQABAAACAQC72mgnFgNv3y8NKAtbi8uM3oZ6Hw97oLBdQDgMY8g513qUP7ZOfE/nkJ8uh8LkT0uWcHDRUcwgpisRGKQ2CSREhJMU911kS1fpsXLaq6kLYL51KYxVqlhV88zIlhg4TslF9PNOooxgwAgYoxlW/0pmkvVqozuPrKNsiDduNzSGXCJLXqeLzZJOZmSYYsNU/WQy//yxT9AWGnZFmmNIqwuMYTEVoxtgedMH6YKG/dxYXOLST7Q/Aw0TKrJ1tVGN3oE2x8nIDxauCfUQiMOLsGFixh/u6F/N59VDyewN1HL1zGakPY6aqb6ROl7ZzQFg61Kr/06bWSeaYEMSVrlhrNdGsiYJ8Llh6rk3v5piwt1RaQZhdtQevdtw6cHWkbyjLAC0LLY1LscjuqOoJxHvEGhuHileMvGQp6tu61YVkRV6ZvdG/Ov/g6bcux3HxkNrFLSFRoncFd9RaUORf+ls0Nc3VhRRaNNk4Y17Ex92JWjLGsTZX4mB5TA5QJc76celVFsaZLiXjAYZajxhvaUHhsrDdLG8eXh/C6J2K0LNfILExVYx3nbBaZ8edkviqlX8eUJkcg9mTTbLbzb5lKdjPe0J+Y+gkZrRRIxL1os7n0iupbuToSEhAuR4LZqi+zjKwSdofW+QMEpBEpFjYPZlOCcP9D7RaZtqxyIy2WEXuqUmGw==",
            "region": "us-east-1",
            "tags": {},
            "tags_all": {}
          },
          "sensitive_attributes": [],
          "identity_schema_version": 0,
          "private": "eyJzY2hlbWFfdmVyc2lvbiI6IjEifQ==",
          "dependencies": [
            "tls_private_key.web_key"
          ]
        }
      ]
    },
    {
      "mode": "managed",
      "type": "aws_lb",
      "name": "app_lb",
      "provider": "provider[\"registry.terraform.io/hashicorp/aws\"]",
      "instances": [
        {
          "schema_version": 0,
          "attributes": {
            "access_logs": [
              {
                "bucket": "",
                "enabled": false,
                "prefix": ""
              }
            ],
            "arn": "arn:aws:elasticloadbalancing:us-east-1:798278983146:loadbalancer/app/terraform-alb/49c1d69c1b5100d0",
            "arn_suffix": "app/terraform-alb/49c1d69c1b5100d0",
            "client_keep_alive": 3600,
            "connection_logs": [
              {
                "bucket": "",
                "enabled": false,
                "prefix": ""
              }
            ],
            "customer_owned_ipv4_pool": "",
            "desync_mitigation_mode": "defensive",
            "dns_name": "terraform-alb-1524323945.us-east-1.elb.amazonaws.com",
            "dns_record_client_routing_policy": null,
            "drop_invalid_header_fields": false,
            "enable_cross_zone_load_balancing": true,
            "enable_deletion_protection": false,
            "enable_http2": true,
            "enable_tls_version_and_cipher_suite_headers": false,
            "enable_waf_fail_open": false,
            "enable_xff_client_port": false,
            "enable_zonal_shift": false,
            "enforce_security_group_inbound_rules_on_private_link_traffic": "",
            "id": "arn:aws:elasticloadbalancing:us-east-1:798278983146:loadbalancer/app/terraform-alb/49c1d69c1b5100d0",
            "idle_timeout": 60,
            "internal": false,
            "ip_address_type": "ipv4",
            "ipam_pools": [],
            "load_balancer_type": "application",
            "minimum_load_balancer_capacity": [],
            "name": "terraform-alb",
            "name_prefix": "",
            "preserve_host_header": false,
            "region": "us-east-1",
            "security_groups": [
              "sg-065d370ace971cd09"
            ],
            "subnet_mapping": [
              {
                "allocation_id": "",
                "ipv6_address": "",
                "outpost_id": "",
                "private_ipv4_address": "",
                "subnet_id": "subnet-002ca677476f78992"
              },
              {
                "allocation_id": "",
                "ipv6_address": "",
                "outpost_id": "",
                "private_ipv4_address": "",
                "subnet_id": "subnet-04cec58749ff94d9e"
              }
            ],
            "subnets": [
              "subnet-002ca677476f78992",
              "subnet-04cec58749ff94d9e"
            ],
            "tags": {},
            "tags_all": {},
            "timeouts": null,
            "vpc_id": "vpc-030bd800ba4ba4702",
            "xff_header_processing_mode": "append",
            "zone_id": "Z35SXDOTRQ7X7K"
          },
          "sensitive_attributes": [],
          "identity_schema_version": 0,
          "identity": {
            "arn": "arn:aws:elasticloadbalancing:us-east-1:798278983146:loadbalancer/app/terraform-alb/49c1d69c1b5100d0"
          },
          "private": "eyJlMmJmYjczMC1lY2FhLTExZTYtOGY4OC0zNDM2M2JjN2M0YzAiOnsiY3JlYXRlIjo2MDAwMDAwMDAwMDAsImRlbGV0ZSI6NjAwMDAwMDAwMDAwLCJ1cGRhdGUiOjYwMDAwMDAwMDAwMH19",
          "dependencies": [
            "aws_security_group.web_sg",
            "aws_subnet.public_a",
            "aws_subnet.public_b",
            "aws_vpc.main"
          ]
        }
      ]
    },
    {
      "mode": "managed",
      "type": "aws_lb_listener",
      "name": "listener",
      "provider": "provider[\"registry.terraform.io/hashicorp/aws\"]",
      "instances": [
        {
          "schema_version": 0,
          "attributes": {
            "alpn_policy": null,
            "arn": "arn:aws:elasticloadbalancing:us-east-1:798278983146:listener/app/terraform-alb/49c1d69c1b5100d0/04bc3ed24d42d5f6",
            "certificate_arn": null,
            "default_action": [
              {
                "authenticate_cognito": [],
                "authenticate_oidc": [],
                "fixed_response": [],
                "forward": [],
                "order": 1,
                "redirect": [],
                "target_group_arn": "arn:aws:elasticloadbalancing:us-east-1:798278983146:targetgroup/web-tg/d3024a5cb2cd810b",
                "type": "forward"
              }
            ],
            "id": "arn:aws:elasticloadbalancing:us-east-1:798278983146:listener/app/terraform-alb/49c1d69c1b5100d0/04bc3ed24d42d5f6",
            "load_balancer_arn": "arn:aws:elasticloadbalancing:us-east-1:798278983146:loadbalancer/app/terraform-alb/49c1d69c1b5100d0",
            "mutual_authentication": [],
            "port": 80,
            "protocol": "HTTP",
            "region": "us-east-1",
            "routing_http_request_x_amzn_mtls_clientcert_header_name": null,
            "routing_http_request_x_amzn_mtls_clientcert_issuer_header_name": null,
            "routing_http_request_x_amzn_mtls_clientcert_leaf_header_name": null,
            "routing_http_request_x_amzn_mtls_clientcert_serial_number_header_name": null,
            "routing_http_request_x_amzn_mtls_clientcert_subject_header_name": null,
            "routing_http_request_x_amzn_mtls_clientcert_validity_header_name": null,
            "routing_http_request_x_amzn_tls_cipher_suite_header_name": null,
            "routing_http_request_x_amzn_tls_version_header_name": null,
            "routing_http_response_access_control_allow_credentials_header_value": "",
            "routing_http_response_access_control_allow_headers_header_value": "",
            "routing_http_response_access_control_allow_methods_header_value": "",
            "routing_http_response_access_control_allow_origin_header_value": "",
            "routing_http_response_access_control_expose_headers_header_value": "",
            "routing_http_response_access_control_max_age_header_value": "",
            "routing_http_response_content_security_policy_header_value": "",
            "routing_http_response_server_enabled": true,
            "routing_http_response_strict_transport_security_header_value": "",
            "routing_http_response_x_content_type_options_header_value": "",
            "routing_http_response_x_frame_options_header_value": "",
            "ssl_policy": "",
            "tags": {},
            "tags_all": {},
            "tcp_idle_timeout_seconds": null,
            "timeouts": null
          },
          "sensitive_attributes": [],
          "identity_schema_version": 0,
          "identity": {
            "arn": "arn:aws:elasticloadbalancing:us-east-1:798278983146:listener/app/terraform-alb/49c1d69c1b5100d0/04bc3ed24d42d5f6"
          },
          "private": "eyJlMmJmYjczMC1lY2FhLTExZTYtOGY4OC0zNDM2M2JjN2M0YzAiOnsiY3JlYXRlIjozMDAwMDAwMDAwMDAsInVwZGF0ZSI6MzAwMDAwMDAwMDAwfX0=",
          "dependencies": [
            "aws_lb.app_lb",
            "aws_lb_target_group.tg",
            "aws_security_group.web_sg",
            "aws_subnet.public_a",
            "aws_subnet.public_b",
            "aws_vpc.main"
          ]
        }
      ]
    },
    {
      "mode": "managed",
      "type": "aws_lb_target_group",
      "name": "tg",
      "provider": "provider[\"registry.terraform.io/hashicorp/aws\"]",
      "instances": [
        {
          "schema_version": 0,
          "attributes": {
            "arn": "arn:aws:elasticloadbalancing:us-east-1:798278983146:targetgroup/web-tg/d3024a5cb2cd810b",
            "arn_suffix": "targetgroup/web-tg/d3024a5cb2cd810b",
            "connection_termination": null,
            "deregistration_delay": "300",
            "health_check": [
              {
                "enabled": true,
                "healthy_threshold": 5,
                "interval": 30,
                "matcher": "200",
                "path": "/",
                "port": "traffic-port",
                "protocol": "HTTP",
                "timeout": 5,
                "unhealthy_threshold": 2
              }
            ],
            "id": "arn:aws:elasticloadbalancing:us-east-1:798278983146:targetgroup/web-tg/d3024a5cb2cd810b",
            "ip_address_type": "ipv4",
            "lambda_multi_value_headers_enabled": false,
            "load_balancer_arns": [
              "arn:aws:elasticloadbalancing:us-east-1:798278983146:loadbalancer/app/terraform-alb/49c1d69c1b5100d0"
            ],
            "load_balancing_algorithm_type": "round_robin",
            "load_balancing_anomaly_mitigation": "off",
            "load_balancing_cross_zone_enabled": "use_load_balancer_configuration",
            "name": "web-tg",
            "name_prefix": "",
            "port": 80,
            "preserve_client_ip": null,
            "protocol": "HTTP",
            "protocol_version": "HTTP1",
            "proxy_protocol_v2": false,
            "region": "us-east-1",
            "slow_start": 0,
            "stickiness": [
              {
                "cookie_duration": 86400,
                "cookie_name": "",
                "enabled": false,
                "type": "lb_cookie"
              }
            ],
            "tags": {},
            "tags_all": {},
            "target_failover": [
              {
                "on_deregistration": null,
                "on_unhealthy": null
              }
            ],
            "target_group_health": [
              {
                "dns_failover": [
                  {
                    "minimum_healthy_targets_count": "1",
                    "minimum_healthy_targets_percentage": "off"
                  }
                ],
                "unhealthy_state_routing": [
                  {
                    "minimum_healthy_targets_count": 1,
                    "minimum_healthy_targets_percentage": "off"
                  }
                ]
              }
            ],
            "target_health_state": [
              {
                "enable_unhealthy_connection_termination": null,
                "unhealthy_draining_interval": null
              }
            ],
            "target_type": "instance",
            "vpc_id": "vpc-030bd800ba4ba4702"
          },
          "sensitive_attributes": [],
          "identity_schema_version": 0,
          "identity": {
            "arn": "arn:aws:elasticloadbalancing:us-east-1:798278983146:targetgroup/web-tg/d3024a5cb2cd810b"
          },
          "private": "bnVsbA==",
          "dependencies": [
            "aws_vpc.main"
          ]
        }
      ]
    },
    {
      "mode": "managed",
      "type": "aws_lb_target_group_attachment",
      "name": "attach",
      "provider": "provider[\"registry.terraform.io/hashicorp/aws\"]",
      "instances": [
        {
          "schema_version": 0,
          "attributes": {
            "availability_zone": null,
            "id": "arn:aws:elasticloadbalancing:us-east-1:798278983146:targetgroup/web-tg/d3024a5cb2cd810b-20250821105814316900000002",
            "port": 80,
            "region": "us-east-1",
            "target_group_arn": "arn:aws:elasticloadbalancing:us-east-1:798278983146:targetgroup/web-tg/d3024a5cb2cd810b",
            "target_id": "i-0f45d5198e6de9f06"
          },
          "sensitive_attributes": [],
          "identity_schema_version": 0,
          "private": "bnVsbA==",
          "dependencies": [
            "aws_instance.web",
            "aws_key_pair.web_key",
            "aws_lb_target_group.tg",
            "aws_security_group.web_sg",
            "aws_subnet.public_a",
            "aws_vpc.main",
            "tls_private_key.web_key"
          ]
        }
      ]
    },
    {
      "mode": "managed",
      "type": "aws_route",
      "name": "internet_access",
      "provider": "provider[\"registry.terraform.io/hashicorp/aws\"]",
      "instances": [
        {
          "schema_version": 0,
          "attributes": {
            "carrier_gateway_id": "",
            "core_network_arn": "",
            "destination_cidr_block": "0.0.0.0/0",
            "destination_ipv6_cidr_block": "",
            "destination_prefix_list_id": "",
            "egress_only_gateway_id": "",
            "gateway_id": "igw-08d978da7a2fc1110",
            "id": "r-rtb-06b361a24236072681080289494",
            "instance_id": "",
            "instance_owner_id": "",
            "local_gateway_id": "",
            "nat_gateway_id": "",
            "network_interface_id": "",
            "origin": "CreateRoute",
            "region": "us-east-1",
            "route_table_id": "rtb-06b361a2423607268",
            "state": "active",
            "timeouts": null,
            "transit_gateway_id": "",
            "vpc_endpoint_id": "",
            "vpc_peering_connection_id": ""
          },
          "sensitive_attributes": [],
          "identity_schema_version": 0,
          "private": "eyJlMmJmYjczMC1lY2FhLTExZTYtOGY4OC0zNDM2M2JjN2M0YzAiOnsiY3JlYXRlIjozMDAwMDAwMDAwMDAsImRlbGV0ZSI6MzAwMDAwMDAwMDAwLCJ1cGRhdGUiOjEyMDAwMDAwMDAwMH19",
          "dependencies": [
            "aws_internet_gateway.gw",
            "aws_route_table.public_rt",
            "aws_vpc.main"
          ]
        }
      ]
    },
    {
      "mode": "managed",
      "type": "aws_route_table",
      "name": "public_rt",
      "provider": "provider[\"registry.terraform.io/hashicorp/aws\"]",
      "instances": [
        {
          "schema_version": 0,
          "attributes": {
            "arn": "arn:aws:ec2:us-east-1:798278983146:route-table/rtb-06b361a2423607268",
            "id": "rtb-06b361a2423607268",
            "owner_id": "798278983146",
            "propagating_vgws": [],
            "region": "us-east-1",
            "route": [
              {
                "carrier_gateway_id": "",
                "cidr_block": "0.0.0.0/0",
                "core_network_arn": "",
                "destination_prefix_list_id": "",
                "egress_only_gateway_id": "",
                "gateway_id": "igw-08d978da7a2fc1110",
                "ipv6_cidr_block": "",
                "local_gateway_id": "",
                "nat_gateway_id": "",
                "network_interface_id": "",
                "transit_gateway_id": "",
                "vpc_endpoint_id": "",
                "vpc_peering_connection_id": ""
              }
            ],
            "tags": {},
            "tags_all": {},
            "timeouts": null,
            "vpc_id": "vpc-030bd800ba4ba4702"
          },
          "sensitive_attributes": [],
          "identity_schema_version": 0,
          "private": "eyJlMmJmYjczMC1lY2FhLTExZTYtOGY4OC0zNDM2M2JjN2M0YzAiOnsiY3JlYXRlIjozMDAwMDAwMDAwMDAsImRlbGV0ZSI6MzAwMDAwMDAwMDAwLCJ1cGRhdGUiOjEyMDAwMDAwMDAwMH19",
          "dependencies": [
            "aws_vpc.main"
          ]
        }
      ]
    },
    {
      "mode": "managed",
      "type": "aws_route_table_association",
      "name": "public_assoc_a",
      "provider": "provider[\"registry.terraform.io/hashicorp/aws\"]",
      "instances": [
        {
          "schema_version": 0,
          "attributes": {
            "gateway_id": "",
            "id": "rtbassoc-02f3e76f5368cb734",
            "region": "us-east-1",
            "route_table_id": "rtb-06b361a2423607268",
            "subnet_id": "subnet-002ca677476f78992",
            "timeouts": null
          },
          "sensitive_attributes": [],
          "identity_schema_version": 0,
          "private": "eyJlMmJmYjczMC1lY2FhLTExZTYtOGY4OC0zNDM2M2JjN2M0YzAiOnsiY3JlYXRlIjozMDAwMDAwMDAwMDAsImRlbGV0ZSI6MzAwMDAwMDAwMDAwLCJ1cGRhdGUiOjEyMDAwMDAwMDAwMH19",
          "dependencies": [
            "aws_route_table.public_rt",
            "aws_subnet.public_a",
            "aws_vpc.main"
          ]
        }
      ]
    },
    {
      "mode": "managed",
      "type": "aws_route_table_association",
      "name": "public_assoc_b",
      "provider": "provider[\"registry.terraform.io/hashicorp/aws\"]",
      "instances": [
        {
          "schema_version": 0,
          "attributes": {
            "gateway_id": "",
            "id": "rtbassoc-0be8ff3cba94a7a82",
            "region": "us-east-1",
            "route_table_id": "rtb-06b361a2423607268",
            "subnet_id": "subnet-04cec58749ff94d9e",
            "timeouts": null
          },
          "sensitive_attributes": [],
          "identity_schema_version": 0,
          "private": "eyJlMmJmYjczMC1lY2FhLTExZTYtOGY4OC0zNDM2M2JjN2M0YzAiOnsiY3JlYXRlIjozMDAwMDAwMDAwMDAsImRlbGV0ZSI6MzAwMDAwMDAwMDAwLCJ1cGRhdGUiOjEyMDAwMDAwMDAwMH19",
          "dependencies": [
            "aws_route_table.public_rt",
            "aws_subnet.public_b",
            "aws_vpc.main"
          ]
        }
      ]
    },
    {
      "mode": "managed",
      "type": "aws_s3_bucket",
      "name": "app_bucket",
      "provider": "provider[\"registry.terraform.io/hashicorp/aws\"]",
      "instances": [
        {
          "schema_version": 0,
          "attributes": {
            "acceleration_status": "",
            "acl": null,
            "arn": "arn:aws:s3:::terraform-webapp-bucket-1cbe56ac",
            "bucket": "terraform-webapp-bucket-1cbe56ac",
            "bucket_domain_name": "terraform-webapp-bucket-1cbe56ac.s3.amazonaws.com",
            "bucket_prefix": "",
            "bucket_region": "us-east-1",
            "bucket_regional_domain_name": "terraform-webapp-bucket-1cbe56ac.s3.us-east-1.amazonaws.com",
            "cors_rule": [],
            "force_destroy": false,
            "grant": [
              {
                "id": "07a33879d7298e4212ca32cf28622c348be4df0942e6cf2f70b9b8425bffd080",
                "permissions": [
                  "FULL_CONTROL"
                ],
                "type": "CanonicalUser",
                "uri": ""
              }
            ],
            "hosted_zone_id": "Z3AQBSTGFYJSTF",
            "id": "terraform-webapp-bucket-1cbe56ac",
            "lifecycle_rule": [],
            "logging": [],
            "object_lock_configuration": [],
            "object_lock_enabled": false,
            "policy": "",
            "region": "us-east-1",
            "replication_configuration": [],
            "request_payer": "BucketOwner",
            "server_side_encryption_configuration": [
              {
                "rule": [
                  {
                    "apply_server_side_encryption_by_default": [
                      {
                        "kms_master_key_id": "",
                        "sse_algorithm": "AES256"
                      }
                    ],
                    "bucket_key_enabled": false
                  }
                ]
              }
            ],
            "tags": {},
            "tags_all": {},
            "timeouts": null,
            "versioning": [
              {
                "enabled": false,
                "mfa_delete": false
              }
            ],
            "website": [],
            "website_domain": null,
            "website_endpoint": null
          },
          "sensitive_attributes": [],
          "identity_schema_version": 0,
          "identity": {
            "account_id": "798278983146",
            "bucket": "terraform-webapp-bucket-1cbe56ac",
            "region": "us-east-1"
          },
          "private": "eyJlMmJmYjczMC1lY2FhLTExZTYtOGY4OC0zNDM2M2JjN2M0YzAiOnsiY3JlYXRlIjoxMjAwMDAwMDAwMDAwLCJkZWxldGUiOjM2MDAwMDAwMDAwMDAsInJlYWQiOjEyMDAwMDAwMDAwMDAsInVwZGF0ZSI6MTIwMDAwMDAwMDAwMH19",
          "dependencies": [
            "random_id.bucket"
          ]
        }
      ]
    },
    {
      "mode": "managed",
      "type": "aws_security_group",
      "name": "db_sg",
      "provider": "provider[\"registry.terraform.io/hashicorp/aws\"]",
      "instances": [
        {
          "schema_version": 1,
          "attributes": {
            "arn": "arn:aws:ec2:us-east-1:798278983146:security-group/sg-075d55e26d80ef95d",
            "description": "Managed by Terraform",
            "egress": [
              {
                "cidr_blocks": [
                  "0.0.0.0/0"
                ],
                "description": "",
                "from_port": 0,
                "ipv6_cidr_blocks": [],
                "prefix_list_ids": [],
                "protocol": "-1",
                "security_groups": [],
                "self": false,
                "to_port": 0
              }
            ],
            "id": "sg-075d55e26d80ef95d",
            "ingress": [
              {
                "cidr_blocks": [],
                "description": "",
                "from_port": 3306,
                "ipv6_cidr_blocks": [],
                "prefix_list_ids": [],
                "protocol": "tcp",
                "security_groups": [
                  "sg-065d370ace971cd09"
                ],
                "self": false,
                "to_port": 3306
              }
            ],
            "name": "db-sg",
            "name_prefix": "",
            "owner_id": "798278983146",
            "region": "us-east-1",
            "revoke_rules_on_delete": false,
            "tags": {},
            "tags_all": {},
            "timeouts": null,
            "vpc_id": "vpc-030bd800ba4ba4702"
          },
          "sensitive_attributes": [],
          "identity_schema_version": 0,
          "identity": {
            "account_id": "798278983146",
            "id": "sg-075d55e26d80ef95d",
            "region": "us-east-1"
          },
          "private": "eyJlMmJmYjczMC1lY2FhLTExZTYtOGY4OC0zNDM2M2JjN2M0YzAiOnsiY3JlYXRlIjo2MDAwMDAwMDAwMDAsImRlbGV0ZSI6OTAwMDAwMDAwMDAwfSwic2NoZW1hX3ZlcnNpb24iOiIxIn0=",
          "dependencies": [
            "aws_security_group.web_sg",
            "aws_vpc.main"
          ]
        }
      ]
    },
    {
      "mode": "managed",
      "type": "aws_security_group",
      "name": "web_sg",
      "provider": "provider[\"registry.terraform.io/hashicorp/aws\"]",
      "instances": [
        {
          "schema_version": 1,
          "attributes": {
            "arn": "arn:aws:ec2:us-east-1:798278983146:security-group/sg-065d370ace971cd09",
            "description": "Managed by Terraform",
            "egress": [
              {
                "cidr_blocks": [
                  "0.0.0.0/0"
                ],
                "description": "",
                "from_port": 0,
                "ipv6_cidr_blocks": [],
                "prefix_list_ids": [],
                "protocol": "-1",
                "security_groups": [],
                "self": false,
                "to_port": 0
              }
            ],
            "id": "sg-065d370ace971cd09",
            "ingress": [
              {
                "cidr_blocks": [
                  "0.0.0.0/0"
                ],
                "description": "",
                "from_port": 80,
                "ipv6_cidr_blocks": [],
                "prefix_list_ids": [],
                "protocol": "tcp",
                "security_groups": [],
                "self": false,
                "to_port": 80
              }
            ],
            "name": "web-sg",
            "name_prefix": "",
            "owner_id": "798278983146",
            "region": "us-east-1",
            "revoke_rules_on_delete": false,
            "tags": {},
            "tags_all": {},
            "timeouts": null,
            "vpc_id": "vpc-030bd800ba4ba4702"
          },
          "sensitive_attributes": [],
          "identity_schema_version": 0,
          "identity": {
            "account_id": "798278983146",
            "id": "sg-065d370ace971cd09",
            "region": "us-east-1"
          },
          "private": "eyJlMmJmYjczMC1lY2FhLTExZTYtOGY4OC0zNDM2M2JjN2M0YzAiOnsiY3JlYXRlIjo2MDAwMDAwMDAwMDAsImRlbGV0ZSI6OTAwMDAwMDAwMDAwfSwic2NoZW1hX3ZlcnNpb24iOiIxIn0=",
          "dependencies": [
            "aws_vpc.main"
          ]
        }
      ]
    },
    {
      "mode": "managed",
      "type": "aws_subnet",
      "name": "private_a",
      "provider": "provider[\"registry.terraform.io/hashicorp/aws\"]",
      "instances": [
        {
          "schema_version": 1,
          "attributes": {
            "arn": "arn:aws:ec2:us-east-1:798278983146:subnet/subnet-0a9caa3416e8803d8",
            "assign_ipv6_address_on_creation": false,
            "availability_zone": "us-east-1a",
            "availability_zone_id": "use1-az1",
            "cidr_block": "10.0.30.0/24",
            "customer_owned_ipv4_pool": "",
            "enable_dns64": false,
            "enable_lni_at_device_index": 0,
            "enable_resource_name_dns_a_record_on_launch": false,
            "enable_resource_name_dns_aaaa_record_on_launch": false,
            "id": "subnet-0a9caa3416e8803d8",
            "ipv6_cidr_block": "",
            "ipv6_cidr_block_association_id": "",
            "ipv6_native": false,
            "map_customer_owned_ip_on_launch": false,
            "map_public_ip_on_launch": false,
            "outpost_arn": "",
            "owner_id": "798278983146",
            "private_dns_hostname_type_on_launch": "ip-name",
            "region": "us-east-1",
            "tags": {},
            "tags_all": {},
            "timeouts": null,
            "vpc_id": "vpc-030bd800ba4ba4702"
          },
          "sensitive_attributes": [],
          "identity_schema_version": 0,
          "identity": {
            "account_id": "798278983146",
            "id": "subnet-0a9caa3416e8803d8",
            "region": "us-east-1"
          },
          "private": "eyJlMmJmYjczMC1lY2FhLTExZTYtOGY4OC0zNDM2M2JjN2M0YzAiOnsiY3JlYXRlIjo2MDAwMDAwMDAwMDAsImRlbGV0ZSI6MTIwMDAwMDAwMDAwMH0sInNjaGVtYV92ZXJzaW9uIjoiMSJ9",
          "dependencies": [
            "aws_vpc.main"
          ]
        }
      ]
    },
    {
      "mode": "managed",
      "type": "aws_subnet",
      "name": "private_b",
      "provider": "provider[\"registry.terraform.io/hashicorp/aws\"]",
      "instances": [
        {
          "schema_version": 1,
          "attributes": {
            "arn": "arn:aws:ec2:us-east-1:798278983146:subnet/subnet-01fbb81dacc44e7f2",
            "assign_ipv6_address_on_creation": false,
            "availability_zone": "us-east-1b",
            "availability_zone_id": "use1-az2",
            "cidr_block": "10.0.40.0/24",
            "customer_owned_ipv4_pool": "",
            "enable_dns64": false,
            "enable_lni_at_device_index": 0,
            "enable_resource_name_dns_a_record_on_launch": false,
            "enable_resource_name_dns_aaaa_record_on_launch": false,
            "id": "subnet-01fbb81dacc44e7f2",
            "ipv6_cidr_block": "",
            "ipv6_cidr_block_association_id": "",
            "ipv6_native": false,
            "map_customer_owned_ip_on_launch": false,
            "map_public_ip_on_launch": false,
            "outpost_arn": "",
            "owner_id": "798278983146",
            "private_dns_hostname_type_on_launch": "ip-name",
            "region": "us-east-1",
            "tags": {},
            "tags_all": {},
            "timeouts": null,
            "vpc_id": "vpc-030bd800ba4ba4702"
          },
          "sensitive_attributes": [],
          "identity_schema_version": 0,
          "identity": {
            "account_id": "798278983146",
            "id": "subnet-01fbb81dacc44e7f2",
            "region": "us-east-1"
          },
          "private": "eyJlMmJmYjczMC1lY2FhLTExZTYtOGY4OC0zNDM2M2JjN2M0YzAiOnsiY3JlYXRlIjo2MDAwMDAwMDAwMDAsImRlbGV0ZSI6MTIwMDAwMDAwMDAwMH0sInNjaGVtYV92ZXJzaW9uIjoiMSJ9",
          "dependencies": [
            "aws_vpc.main"
          ]
        }
      ]
    },
    {
      "mode": "managed",
      "type": "aws_subnet",
      "name": "public_a",
      "provider": "provider[\"registry.terraform.io/hashicorp/aws\"]",
      "instances": [
        {
          "schema_version": 1,
          "attributes": {
            "arn": "arn:aws:ec2:us-east-1:798278983146:subnet/subnet-002ca677476f78992",
            "assign_ipv6_address_on_creation": false,
            "availability_zone": "us-east-1a",
            "availability_zone_id": "use1-az1",
            "cidr_block": "10.0.10.0/24",
            "customer_owned_ipv4_pool": "",
            "enable_dns64": false,
            "enable_lni_at_device_index": 0,
            "enable_resource_name_dns_a_record_on_launch": false,
            "enable_resource_name_dns_aaaa_record_on_launch": false,
            "id": "subnet-002ca677476f78992",
            "ipv6_cidr_block": "",
            "ipv6_cidr_block_association_id": "",
            "ipv6_native": false,
            "map_customer_owned_ip_on_launch": false,
            "map_public_ip_on_launch": true,
            "outpost_arn": "",
            "owner_id": "798278983146",
            "private_dns_hostname_type_on_launch": "ip-name",
            "region": "us-east-1",
            "tags": {},
            "tags_all": {},
            "timeouts": null,
            "vpc_id": "vpc-030bd800ba4ba4702"
          },
          "sensitive_attributes": [],
          "identity_schema_version": 0,
          "identity": {
            "account_id": "798278983146",
            "id": "subnet-002ca677476f78992",
            "region": "us-east-1"
          },
          "private": "eyJlMmJmYjczMC1lY2FhLTExZTYtOGY4OC0zNDM2M2JjN2M0YzAiOnsiY3JlYXRlIjo2MDAwMDAwMDAwMDAsImRlbGV0ZSI6MTIwMDAwMDAwMDAwMH0sInNjaGVtYV92ZXJzaW9uIjoiMSJ9",
          "dependencies": [
            "aws_vpc.main"
          ]
        }
      ]
    },
    {
      "mode": "managed",
      "type": "aws_subnet",
      "name": "public_b",
      "provider": "provider[\"registry.terraform.io/hashicorp/aws\"]",
      "instances": [
        {
          "schema_version": 1,
          "attributes": {
            "arn": "arn:aws:ec2:us-east-1:798278983146:subnet/subnet-04cec58749ff94d9e",
            "assign_ipv6_address_on_creation": false,
            "availability_zone": "us-east-1b",
            "availability_zone_id": "use1-az2",
            "cidr_block": "10.0.20.0/24",
            "customer_owned_ipv4_pool": "",
            "enable_dns64": false,
            "enable_lni_at_device_index": 0,
            "enable_resource_name_dns_a_record_on_launch": false,
            "enable_resource_name_dns_aaaa_record_on_launch": false,
            "id": "subnet-04cec58749ff94d9e",
            "ipv6_cidr_block": "",
            "ipv6_cidr_block_association_id": "",
            "ipv6_native": false,
            "map_customer_owned_ip_on_launch": false,
            "map_public_ip_on_launch": true,
            "outpost_arn": "",
            "owner_id": "798278983146",
            "private_dns_hostname_type_on_launch": "ip-name",
            "region": "us-east-1",
            "tags": {},
            "tags_all": {},
            "timeouts": null,
            "vpc_id": "vpc-030bd800ba4ba4702"
          },
          "sensitive_attributes": [],
          "identity_schema_version": 0,
          "identity": {
            "account_id": "798278983146",
            "id": "subnet-04cec58749ff94d9e",
            "region": "us-east-1"
          },
          "private": "eyJlMmJmYjczMC1lY2FhLTExZTYtOGY4OC0zNDM2M2JjN2M0YzAiOnsiY3JlYXRlIjo2MDAwMDAwMDAwMDAsImRlbGV0ZSI6MTIwMDAwMDAwMDAwMH0sInNjaGVtYV92ZXJzaW9uIjoiMSJ9",
          "dependencies": [
            "aws_vpc.main"
          ]
        }
      ]
    },
    {
      "mode": "managed",
      "type": "aws_vpc",
      "name": "main",
      "provider": "provider[\"registry.terraform.io/hashicorp/aws\"]",
      "instances": [
        {
          "schema_version": 1,
          "attributes": {
            "arn": "arn:aws:ec2:us-east-1:798278983146:vpc/vpc-030bd800ba4ba4702",
            "assign_generated_ipv6_cidr_block": false,
            "cidr_block": "10.0.0.0/16",
            "default_network_acl_id": "acl-0d133c07a6b54403c",
            "default_route_table_id": "rtb-09f3d56c8f484620a",
            "default_security_group_id": "sg-0d32c259bf4814cc3",
            "dhcp_options_id": "dopt-0a38c3f193da23968",
            "enable_dns_hostnames": false,
            "enable_dns_support": true,
            "enable_network_address_usage_metrics": false,
            "id": "vpc-030bd800ba4ba4702",
            "instance_tenancy": "default",
            "ipv4_ipam_pool_id": null,
            "ipv4_netmask_length": null,
            "ipv6_association_id": "",
            "ipv6_cidr_block": "",
            "ipv6_cidr_block_network_border_group": "",
            "ipv6_ipam_pool_id": "",
            "ipv6_netmask_length": 0,
            "main_route_table_id": "rtb-09f3d56c8f484620a",
            "owner_id": "798278983146",
            "region": "us-east-1",
            "tags": {
              "Name": "main-vpc"
            },
            "tags_all": {
              "Name": "main-vpc"
            }
          },
          "sensitive_attributes": [],
          "identity_schema_version": 0,
          "private": "eyJzY2hlbWFfdmVyc2lvbiI6IjEifQ=="
        }
      ]
    },
    {
      "mode": "managed",
      "type": "random_id",
      "name": "bucket",
      "provider": "provider[\"registry.terraform.io/hashicorp/random\"]",
      "instances": [
        {
          "schema_version": 0,
          "attributes": {
            "b64_std": "HL5WrA==",
            "b64_url": "HL5WrA",
            "byte_length": 4,
            "dec": "482236076",
            "hex": "1cbe56ac",
            "id": "HL5WrA",
            "keepers": null,
            "prefix": null
          },
          "sensitive_attributes": [],
          "identity_schema_version": 0
        }
      ]
    },
    {
      "mode": "managed",
      "type": "tls_private_key",
      "name": "web_key",
      "provider": "provider[\"registry.terraform.io/hashicorp/tls\"]",
      "instances": [
        {
          "schema_version": 1,
          "attributes": {
            "algorithm": "RSA",
            "ecdsa_curve": "P224",
            "id": "09ce754e7906b2275bf69693b321b497b5fa336a",
            "private_key_openssh": "-----BEGIN OPENSSH PRIVATE KEY-----\nb3BlbnNzaC1rZXktdjEAAAAABG5vbmUAAAAEbm9uZQAAAAAAAAABAAACFwAAAAdz\nc2gtcnNhAAAAAwEAAQAAAgEAu9poJxYDb98vDSgLW4vLjN6Geh8Pe6CwXUA4DGPI\nOdd6lD+2TnxP55CfLofC5E9LlnBw0VHMIKYrERikNgkkRISTFPddZEtX6bFy2qup\nC2C+dSmMVapYVfPMyJYYOE7JRfTzTqKMYMAIGKMZVv9KZpL1aqM7j6yjbIg3bjc0\nhlwiS16ni82STmZkmGLDVP1kMv/8sU/QFhp2RZpjSKsLjGExFaMbYHnTB+mChv3c\nWFzi0k+0PwMNEyqydbVRjd6BNsfJyA8Wrgn1EIjDi7BhYsYf7uhfzefVQ8nsDdRy\n9cxmpD2Omqm+kTpe2c0BYOtSq/9Om1knmmBDEla5YazXRrImCfC5Yeq5N7+aYsLd\nUWkGYXbUHr3bcOnB1pG8oywAtCy2NS7HI7qjqCcR7xBobh4pXjLxkKerbutWFZEV\nemb3Rvzr/4Om3Lsdx8ZDaxS0hUaJ3BXfUWlDkX/pbNDXN1YUUWjTZOGNexMfdiVo\nyxrE2V+JgeUwOUCXO+nHpVRbGmS4l4wGGWo8Yb2lB4bKw3SxvHl4fwuiditCzXyC\nxMVWMd52wWmfHnZL4qpV/HlCZHIPZk02y282+ZSnYz3tCfmPoJGa0USMS9aLO59I\nrqW7k6EhIQLkeC2aovs4ysEnaH1vkDBKQRKRY2D2ZTgnD/Q+0WmbasciMtlhF7ql\nJhsAAAc42r/rytq/68oAAAAHc3NoLXJzYQAAAgEAu9poJxYDb98vDSgLW4vLjN6G\neh8Pe6CwXUA4DGPIOdd6lD+2TnxP55CfLofC5E9LlnBw0VHMIKYrERikNgkkRIST\nFPddZEtX6bFy2qupC2C+dSmMVapYVfPMyJYYOE7JRfTzTqKMYMAIGKMZVv9KZpL1\naqM7j6yjbIg3bjc0hlwiS16ni82STmZkmGLDVP1kMv/8sU/QFhp2RZpjSKsLjGEx\nFaMbYHnTB+mChv3cWFzi0k+0PwMNEyqydbVRjd6BNsfJyA8Wrgn1EIjDi7BhYsYf\n7uhfzefVQ8nsDdRy9cxmpD2Omqm+kTpe2c0BYOtSq/9Om1knmmBDEla5YazXRrIm\nCfC5Yeq5N7+aYsLdUWkGYXbUHr3bcOnB1pG8oywAtCy2NS7HI7qjqCcR7xBobh4p\nXjLxkKerbutWFZEVemb3Rvzr/4Om3Lsdx8ZDaxS0hUaJ3BXfUWlDkX/pbNDXN1YU\nUWjTZOGNexMfdiVoyxrE2V+JgeUwOUCXO+nHpVRbGmS4l4wGGWo8Yb2lB4bKw3Sx\nvHl4fwuiditCzXyCxMVWMd52wWmfHnZL4qpV/HlCZHIPZk02y282+ZSnYz3tCfmP\noJGa0USMS9aLO59IrqW7k6EhIQLkeC2aovs4ysEnaH1vkDBKQRKRY2D2ZTgnD/Q+\n0WmbasciMtlhF7qlJhsAAAADAQABAAACAAnKBAhuuhIf2sIAQWCYDyzm7Fy7y/ZA\nyuqpGI1Iu9vhHIxSKkwPvVLks0QyTe0mLAW0aU9McxXhIuMQBNVOB6ZMaaUQ45HW\nPUgPzQY+e3TSKfVNYM3sA7ttlNEqb9ZWALYVDC11BK9cAm//kSf6mLlx/2OltZ+z\nOuGX0u+lj9FP8XePq1fP3XJux9+LB1Z2opHny2wVVn4jCzZtqQPV6f2lk5sRi1vX\n2AU/CA7Edtw3Ru33ulMC89ujq3YSfflQdtelyfWTbQv3t94Qim7NQQiWfikt0c7s\nkwKmfexrPZcNJkIjymUejbA1ZFD26734YAVXghSlV44mEF4Jx+eiS/uBHFhxLsW4\no16NRXevyLCwS7ve/YkmbwQH5SAEqTRXxWZN/UPO4BcwdTRnGWxEdPNPKtxddnoS\njqLUD7e/0C4P6bNm+VSHf1yRb2eyxxg9+8WlShVpKeAgmdd8JO5CO3MB93iJPgK7\n9CSfD2Dw/Uzu9Q90CELbLfMzsxwSkzNs5vANYwYZ/0btuPAX7yhmtWsXd2xEGe/P\nByYMBXrYas8I5l+IIBIR5nOWJefha0ifPMV0D72kIiesmALmMTh1Yh5moa7mwykV\nNjvfsGZEN6XKBAF3911BDy3K+n6cQMZtubynUstoEk26+Ty84g1KnLwOVCOWDJLD\nIduERIQOkUBhAAABACryn5rgDF6sEKt29XHGtuj49tkZm5G9cVMVD4Z7WLJLkayz\nuQ08IZj8fXcb6ls7KgNUTeZ35BJ3xr24XTpgUa/YuqHQe1ShEYUW4a5Gl5oV7v1m\n5PrQgjQM5a0aOz+uklSRAatYw207nNtHeXDPyWNjpJM+9e8eFU2b5GJ0ZGzwOvCd\nHS90Oc0ulSZX2ignDqv1QCnLhHt5NDlVrHpQxsJvdaLLkF82bcoIwNG/2F87aLxY\nvSwR44s0qzogBnAfjQ1+u2jRmMB6UMN2U5gz1US5TR83jedv2/K2pQEExRHrcwC/\nQMUlkwGIL6vnzbCGzQZ7/0HOns11vIZv1fljrQIAAAEBAN7HFrPC5Z4v8M8rohwO\nUvwbklqA+ZGOxcXLohD8yCpC7sCO652WBuf0PgtlijbBZZPB6VE5d82deHArjQ8l\nl9R8loGrbRPSWHdVWTIWWCVRjNyrfwbwCoGB7kkYo67CD+Cj26JjMPM7IOAUzLbd\nGitvfc8FX0MvdTqDYKGmRZ3k1fe7XvUSHooox3l9/3fYLsPJgW63om3NEbAv1j6L\nuHPVIuJLr6VOxGOC3E0FB2XTLD6n7tjnql9X8r8bC1w/8lJfOj23F6veP8c81/K4\n1I0pGrLHZqcRJEQamQszhjx/4dAr+FTNWAwzTzP1fIXPsotzio/F2LhxQwUgadjH\niuEAAAEBANfeA/O5PPb2gRKJsPQjhodFeQpBBPe3HS+YAx7ZCquoJvDggMobO2Pz\n4CwAsje5Hb7TYjesHQWgxH4/n6SPrv4wbj3OKIG0J3RyQXberVV0qeavMuZijkTL\n1pAGI6joOQfWV7Z7GUkR1NSuCVcXEnNgHwCqMr26RmR6flfDkwCh5bPIbN9cWr+0\nN7db9yPWX5prCv2x9srpnRAHkcRLOBEVSLd1wIzXkVYTHtO3H9bAAweGknybgKeN\nAj8R72rYv2TrGNLKsALZXg8cXpsD6gM/vjVcxbVVG05DEJ2MaAyOdgsxRfYe0Crc\n4eGcHM5smnWVxj5OS3rZXc+HGsR+7HsAAAAAAQID\n-----END OPENSSH PRIVATE KEY-----\n",
            "private_key_pem": "-----BEGIN RSA PRIVATE KEY-----\nMIIJKAIBAAKCAgEAu9poJxYDb98vDSgLW4vLjN6Geh8Pe6CwXUA4DGPIOdd6lD+2\nTnxP55CfLofC5E9LlnBw0VHMIKYrERikNgkkRISTFPddZEtX6bFy2qupC2C+dSmM\nVapYVfPMyJYYOE7JRfTzTqKMYMAIGKMZVv9KZpL1aqM7j6yjbIg3bjc0hlwiS16n\ni82STmZkmGLDVP1kMv/8sU/QFhp2RZpjSKsLjGExFaMbYHnTB+mChv3cWFzi0k+0\nPwMNEyqydbVRjd6BNsfJyA8Wrgn1EIjDi7BhYsYf7uhfzefVQ8nsDdRy9cxmpD2O\nmqm+kTpe2c0BYOtSq/9Om1knmmBDEla5YazXRrImCfC5Yeq5N7+aYsLdUWkGYXbU\nHr3bcOnB1pG8oywAtCy2NS7HI7qjqCcR7xBobh4pXjLxkKerbutWFZEVemb3Rvzr\n/4Om3Lsdx8ZDaxS0hUaJ3BXfUWlDkX/pbNDXN1YUUWjTZOGNexMfdiVoyxrE2V+J\ngeUwOUCXO+nHpVRbGmS4l4wGGWo8Yb2lB4bKw3SxvHl4fwuiditCzXyCxMVWMd52\nwWmfHnZL4qpV/HlCZHIPZk02y282+ZSnYz3tCfmPoJGa0USMS9aLO59IrqW7k6Eh\nIQLkeC2aovs4ysEnaH1vkDBKQRKRY2D2ZTgnD/Q+0WmbasciMtlhF7qlJhsCAwEA\nAQKCAgAJygQIbroSH9rCAEFgmA8s5uxcu8v2QMrqqRiNSLvb4RyMUipMD71S5LNE\nMk3tJiwFtGlPTHMV4SLjEATVTgemTGmlEOOR1j1ID80GPnt00in1TWDN7AO7bZTR\nKm/WVgC2FQwtdQSvXAJv/5En+pi5cf9jpbWfszrhl9LvpY/RT/F3j6tXz91ybsff\niwdWdqKR58tsFVZ+Iws2bakD1en9pZObEYtb19gFPwgOxHbcN0bt97pTAvPbo6t2\nEn35UHbXpcn1k20L97feEIpuzUEIln4pLdHO7JMCpn3saz2XDSZCI8plHo2wNWRQ\n9uu9+GAFV4IUpVeOJhBeCcfnokv7gRxYcS7FuKNejUV3r8iwsEu73v2JJm8EB+Ug\nBKk0V8VmTf1DzuAXMHU0ZxlsRHTzTyrcXXZ6Eo6i1A+3v9AuD+mzZvlUh39ckW9n\nsscYPfvFpUoVaSngIJnXfCTuQjtzAfd4iT4Cu/Qknw9g8P1M7vUPdAhC2y3zM7Mc\nEpMzbObwDWMGGf9G7bjwF+8oZrVrF3dsRBnvzwcmDAV62GrPCOZfiCASEeZzliXn\n4WtInzzFdA+9pCInrJgC5jE4dWIeZqGu5sMpFTY737BmRDelygQBd/ddQQ8tyvp+\nnEDGbbm8p1LLaBJNuvk8vOINSpy8DlQjlgySwyHbhESEDpFAYQKCAQEA3scWs8Ll\nni/wzyuiHA5S/BuSWoD5kY7FxcuiEPzIKkLuwI7rnZYG5/Q+C2WKNsFlk8HpUTl3\nzZ14cCuNDyWX1HyWgattE9JYd1VZMhZYJVGM3Kt/BvAKgYHuSRijrsIP4KPbomMw\n8zsg4BTMtt0aK299zwVfQy91OoNgoaZFneTV97te9RIeiijHeX3/d9guw8mBbrei\nbc0RsC/WPou4c9Ui4kuvpU7EY4LcTQUHZdMsPqfu2OeqX1fyvxsLXD/yUl86PbcX\nq94/xzzX8rjUjSkassdmpxEkRBqZCzOGPH/h0Cv4VM1YDDNPM/V8hc+yi3OKj8XY\nuHFDBSBp2MeK4QKCAQEA194D87k89vaBEomw9COGh0V5CkEE97cdL5gDHtkKq6gm\n8OCAyhs7Y/PgLACyN7kdvtNiN6wdBaDEfj+fpI+u/jBuPc4ogbQndHJBdt6tVXSp\n5q8y5mKORMvWkAYjqOg5B9ZXtnsZSRHU1K4JVxcSc2AfAKoyvbpGZHp+V8OTAKHl\ns8hs31xav7Q3t1v3I9ZfmmsK/bH2yumdEAeRxEs4ERVIt3XAjNeRVhMe07cf1sAD\nB4aSfJuAp40CPxHvati/ZOsY0sqwAtleDxxemwPqAz++NVzFtVUbTkMQnYxoDI52\nCzFF9h7QKtzh4ZwczmyadZXGPk5Letldz4caxH7sewKCAQEAsfR45wmVoGINS4BA\nU4cBtQ9VPmRud16EDzdV85npTxD+ZOUFw3D3fUw2T6ZB3PFp8bjhZpewYpgagAfZ\n+zJ9cShAlb5ZOI87Sb/sqzz8FntpOVDo/KK80az3qn47KjsssbZSmQoBLRqbbURQ\nLva5k97QsZFKAoIjc6VEiHwoejM01FphRQS/Tn+6sAr9Cj+vQ4hwkv+viWRZb9MW\nogm8QxMLdZcd7L/Z0t/SmNeejDE+06IUAkI0b0ryxsOUtJEEQdZ90JS0HP9BFSc+\nHU6Vw1kFUbBFCMmBncFdZXw4C5XfzQmCqkMJxV0rNIcxfDZoGksmcSiKsPMQpUS6\nKIdlIQKCAQAq5TxFzzZ1INDPPTtDmFegQ8bkqbzx+Jo9Hejo1VpQeA6c6Q/OmZC4\nsPqH4++GMSvfAqROyc3Ok37YU45GpiKw8jDF6VSVSZZZhmbJ1z/8bj1g0Mm9jDIX\nK6ZMYlvtsY+7pfUyFs4Ufg2b4aWLf9MzyBMBD9EbcIuSZeD7UarBgmphyl8QF4sU\n8xvrPMQkg/HlfoXlmdqfwcJrMAXgSs4uXttfUW/czO1dfFkw2v/hrbAsa6pqRoBP\nSy76F3dK9R07UZhSMuK8/jK5r/qAtUtoL999PR0whmPxrlP76q22aQy99qGfYcod\n6lycd2gmAODEoumM8gP/unfwyDkieNJHAoIBACryn5rgDF6sEKt29XHGtuj49tkZ\nm5G9cVMVD4Z7WLJLkayzuQ08IZj8fXcb6ls7KgNUTeZ35BJ3xr24XTpgUa/YuqHQ\ne1ShEYUW4a5Gl5oV7v1m5PrQgjQM5a0aOz+uklSRAatYw207nNtHeXDPyWNjpJM+\n9e8eFU2b5GJ0ZGzwOvCdHS90Oc0ulSZX2ignDqv1QCnLhHt5NDlVrHpQxsJvdaLL\nkF82bcoIwNG/2F87aLxYvSwR44s0qzogBnAfjQ1+u2jRmMB6UMN2U5gz1US5TR83\njedv2/K2pQEExRHrcwC/QMUlkwGIL6vnzbCGzQZ7/0HOns11vIZv1fljrQI=\n-----END RSA PRIVATE KEY-----\n",
            "private_key_pem_pkcs8": "-----BEGIN PRIVATE KEY-----\nMIIJQgIBADANBgkqhkiG9w0BAQEFAASCCSwwggkoAgEAAoICAQC72mgnFgNv3y8N\nKAtbi8uM3oZ6Hw97oLBdQDgMY8g513qUP7ZOfE/nkJ8uh8LkT0uWcHDRUcwgpisR\nGKQ2CSREhJMU911kS1fpsXLaq6kLYL51KYxVqlhV88zIlhg4TslF9PNOooxgwAgY\noxlW/0pmkvVqozuPrKNsiDduNzSGXCJLXqeLzZJOZmSYYsNU/WQy//yxT9AWGnZF\nmmNIqwuMYTEVoxtgedMH6YKG/dxYXOLST7Q/Aw0TKrJ1tVGN3oE2x8nIDxauCfUQ\niMOLsGFixh/u6F/N59VDyewN1HL1zGakPY6aqb6ROl7ZzQFg61Kr/06bWSeaYEMS\nVrlhrNdGsiYJ8Llh6rk3v5piwt1RaQZhdtQevdtw6cHWkbyjLAC0LLY1LscjuqOo\nJxHvEGhuHileMvGQp6tu61YVkRV6ZvdG/Ov/g6bcux3HxkNrFLSFRoncFd9RaUOR\nf+ls0Nc3VhRRaNNk4Y17Ex92JWjLGsTZX4mB5TA5QJc76celVFsaZLiXjAYZajxh\nvaUHhsrDdLG8eXh/C6J2K0LNfILExVYx3nbBaZ8edkviqlX8eUJkcg9mTTbLbzb5\nlKdjPe0J+Y+gkZrRRIxL1os7n0iupbuToSEhAuR4LZqi+zjKwSdofW+QMEpBEpFj\nYPZlOCcP9D7RaZtqxyIy2WEXuqUmGwIDAQABAoICAAnKBAhuuhIf2sIAQWCYDyzm\n7Fy7y/ZAyuqpGI1Iu9vhHIxSKkwPvVLks0QyTe0mLAW0aU9McxXhIuMQBNVOB6ZM\naaUQ45HWPUgPzQY+e3TSKfVNYM3sA7ttlNEqb9ZWALYVDC11BK9cAm//kSf6mLlx\n/2OltZ+zOuGX0u+lj9FP8XePq1fP3XJux9+LB1Z2opHny2wVVn4jCzZtqQPV6f2l\nk5sRi1vX2AU/CA7Edtw3Ru33ulMC89ujq3YSfflQdtelyfWTbQv3t94Qim7NQQiW\nfikt0c7skwKmfexrPZcNJkIjymUejbA1ZFD26734YAVXghSlV44mEF4Jx+eiS/uB\nHFhxLsW4o16NRXevyLCwS7ve/YkmbwQH5SAEqTRXxWZN/UPO4BcwdTRnGWxEdPNP\nKtxddnoSjqLUD7e/0C4P6bNm+VSHf1yRb2eyxxg9+8WlShVpKeAgmdd8JO5CO3MB\n93iJPgK79CSfD2Dw/Uzu9Q90CELbLfMzsxwSkzNs5vANYwYZ/0btuPAX7yhmtWsX\nd2xEGe/PByYMBXrYas8I5l+IIBIR5nOWJefha0ifPMV0D72kIiesmALmMTh1Yh5m\noa7mwykVNjvfsGZEN6XKBAF3911BDy3K+n6cQMZtubynUstoEk26+Ty84g1KnLwO\nVCOWDJLDIduERIQOkUBhAoIBAQDexxazwuWeL/DPK6IcDlL8G5JagPmRjsXFy6IQ\n/MgqQu7Ajuudlgbn9D4LZYo2wWWTwelROXfNnXhwK40PJZfUfJaBq20T0lh3VVky\nFlglUYzcq38G8AqBge5JGKOuwg/go9uiYzDzOyDgFMy23Rorb33PBV9DL3U6g2Ch\npkWd5NX3u171Eh6KKMd5ff932C7DyYFut6JtzRGwL9Y+i7hz1SLiS6+lTsRjgtxN\nBQdl0yw+p+7Y56pfV/K/GwtcP/JSXzo9txer3j/HPNfyuNSNKRqyx2anESREGpkL\nM4Y8f+HQK/hUzVgMM08z9XyFz7KLc4qPxdi4cUMFIGnYx4rhAoIBAQDX3gPzuTz2\n9oESibD0I4aHRXkKQQT3tx0vmAMe2QqrqCbw4IDKGztj8+AsALI3uR2+02I3rB0F\noMR+P5+kj67+MG49ziiBtCd0ckF23q1VdKnmrzLmYo5Ey9aQBiOo6DkH1le2exlJ\nEdTUrglXFxJzYB8AqjK9ukZken5Xw5MAoeWzyGzfXFq/tDe3W/cj1l+aawr9sfbK\n6Z0QB5HESzgRFUi3dcCM15FWEx7Ttx/WwAMHhpJ8m4CnjQI/Ee9q2L9k6xjSyrAC\n2V4PHF6bA+oDP741XMW1VRtOQxCdjGgMjnYLMUX2HtAq3OHhnBzObJp1lcY+Tkt6\n2V3PhxrEfux7AoIBAQCx9HjnCZWgYg1LgEBThwG1D1U+ZG53XoQPN1XzmelPEP5k\n5QXDcPd9TDZPpkHc8WnxuOFml7BimBqAB9n7Mn1xKECVvlk4jztJv+yrPPwWe2k5\nUOj8orzRrPeqfjsqOyyxtlKZCgEtGpttRFAu9rmT3tCxkUoCgiNzpUSIfCh6MzTU\nWmFFBL9Of7qwCv0KP69DiHCS/6+JZFlv0xaiCbxDEwt1lx3sv9nS39KY156MMT7T\nohQCQjRvSvLGw5S0kQRB1n3QlLQc/0EVJz4dTpXDWQVRsEUIyYGdwV1lfDgLld/N\nCYKqQwnFXSs0hzF8NmgaSyZxKIqw8xClRLooh2UhAoIBACrlPEXPNnUg0M89O0OY\nV6BDxuSpvPH4mj0d6OjVWlB4DpzpD86ZkLiw+ofj74YxK98CpE7Jzc6TfthTjkam\nIrDyMMXpVJVJllmGZsnXP/xuPWDQyb2MMhcrpkxiW+2xj7ul9TIWzhR+DZvhpYt/\n0zPIEwEP0Rtwi5Jl4PtRqsGCamHKXxAXixTzG+s8xCSD8eV+heWZ2p/BwmswBeBK\nzi5e219Rb9zM7V18WTDa/+GtsCxrqmpGgE9LLvoXd0r1HTtRmFIy4rz+Mrmv+oC1\nS2gv3309HTCGY/GuU/vqrbZpDL32oZ9hyh3qXJx3aCYA4MSi6YzyA/+6d/DIOSJ4\n0kcCggEAKvKfmuAMXqwQq3b1cca26Pj22Rmbkb1xUxUPhntYskuRrLO5DTwhmPx9\ndxvqWzsqA1RN5nfkEnfGvbhdOmBRr9i6odB7VKERhRbhrkaXmhXu/Wbk+tCCNAzl\nrRo7P66SVJEBq1jDbTuc20d5cM/JY2Okkz717x4VTZvkYnRkbPA68J0dL3Q5zS6V\nJlfaKCcOq/VAKcuEe3k0OVWselDGwm91osuQXzZtygjA0b/YXztovFi9LBHjizSr\nOiAGcB+NDX67aNGYwHpQw3ZTmDPVRLlNHzeN52/b8ralAQTFEetzAL9AxSWTAYgv\nq+fNsIbNBnv/Qc6ezXW8hm/V+WOtAg==\n-----END PRIVATE KEY-----\n",
            "public_key_fingerprint_md5": "a5:ef:0b:0c:ed:da:fe:a0:3d:0d:15:df:6d:9e:fd:63",
            "public_key_fingerprint_sha256": "SHA256:p0VZC0lctjdphPM00BK33R++M+SbVyZig3n9NZP9CXA",
            "public_key_openssh": "ssh-rsa AAAAB3NzaC1yc2EAAAADAQABAAACAQC72mgnFgNv3y8NKAtbi8uM3oZ6Hw97oLBdQDgMY8g513qUP7ZOfE/nkJ8uh8LkT0uWcHDRUcwgpisRGKQ2CSREhJMU911kS1fpsXLaq6kLYL51KYxVqlhV88zIlhg4TslF9PNOooxgwAgYoxlW/0pmkvVqozuPrKNsiDduNzSGXCJLXqeLzZJOZmSYYsNU/WQy//yxT9AWGnZFmmNIqwuMYTEVoxtgedMH6YKG/dxYXOLST7Q/Aw0TKrJ1tVGN3oE2x8nIDxauCfUQiMOLsGFixh/u6F/N59VDyewN1HL1zGakPY6aqb6ROl7ZzQFg61Kr/06bWSeaYEMSVrlhrNdGsiYJ8Llh6rk3v5piwt1RaQZhdtQevdtw6cHWkbyjLAC0LLY1LscjuqOoJxHvEGhuHileMvGQp6tu61YVkRV6ZvdG/Ov/g6bcux3HxkNrFLSFRoncFd9RaUORf+ls0Nc3VhRRaNNk4Y17Ex92JWjLGsTZX4mB5TA5QJc76celVFsaZLiXjAYZajxhvaUHhsrDdLG8eXh/C6J2K0LNfILExVYx3nbBaZ8edkviqlX8eUJkcg9mTTbLbzb5lKdjPe0J+Y+gkZrRRIxL1os7n0iupbuToSEhAuR4LZqi+zjKwSdofW+QMEpBEpFjYPZlOCcP9D7RaZtqxyIy2WEXuqUmGw==\n",
            "public_key_pem": "-----BEGIN PUBLIC KEY-----\nMIICIjANBgkqhkiG9w0BAQEFAAOCAg8AMIICCgKCAgEAu9poJxYDb98vDSgLW4vL\njN6Geh8Pe6CwXUA4DGPIOdd6lD+2TnxP55CfLofC5E9LlnBw0VHMIKYrERikNgkk\nRISTFPddZEtX6bFy2qupC2C+dSmMVapYVfPMyJYYOE7JRfTzTqKMYMAIGKMZVv9K\nZpL1aqM7j6yjbIg3bjc0hlwiS16ni82STmZkmGLDVP1kMv/8sU/QFhp2RZpjSKsL\njGExFaMbYHnTB+mChv3cWFzi0k+0PwMNEyqydbVRjd6BNsfJyA8Wrgn1EIjDi7Bh\nYsYf7uhfzefVQ8nsDdRy9cxmpD2Omqm+kTpe2c0BYOtSq/9Om1knmmBDEla5YazX\nRrImCfC5Yeq5N7+aYsLdUWkGYXbUHr3bcOnB1pG8oywAtCy2NS7HI7qjqCcR7xBo\nbh4pXjLxkKerbutWFZEVemb3Rvzr/4Om3Lsdx8ZDaxS0hUaJ3BXfUWlDkX/pbNDX\nN1YUUWjTZOGNexMfdiVoyxrE2V+JgeUwOUCXO+nHpVRbGmS4l4wGGWo8Yb2lB4bK\nw3SxvHl4fwuiditCzXyCxMVWMd52wWmfHnZL4qpV/HlCZHIPZk02y282+ZSnYz3t\nCfmPoJGa0USMS9aLO59IrqW7k6EhIQLkeC2aovs4ysEnaH1vkDBKQRKRY2D2ZTgn\nD/Q+0WmbasciMtlhF7qlJhsCAwEAAQ==\n-----END PUBLIC KEY-----\n",
            "rsa_bits": 4096
          },
          "sensitive_attributes": [
            [
              {
                "type": "get_attr",
                "value": "private_key_openssh"
              }
            ],
            [
              {
                "type": "get_attr",
                "value": "private_key_pem"
              }
            ],
            [
              {
                "type": "get_attr",
                "value": "private_key_pem_pkcs8"
              }
            ]
          ],
          "identity_schema_version": 0
        }
      ]
    }
  ],
  "check_results": null
}
