{
  "version": 4,
  "terraform_version": "1.12.2",
  "serial": 5,
  "lineage": "cd6ab3fe-4151-875a-a285-7dfbbf857c08",
  "outputs": {
    "availability_zone": {
      "value": {
        "all_availability_zones": null,
        "exclude_names": null,
        "exclude_zone_ids": null,
        "filter": null,
        "group_names": [
          "us-east-1-zg-1"
        ],
        "id": "us-east-1",
        "names": [
          "us-east-1a",
          "us-east-1b",
          "us-east-1c",
          "us-east-1d",
          "us-east-1e",
          "us-east-1f"
        ],
        "region": "us-east-1",
        "state": "available",
        "timeouts": null,
        "zone_ids": [
          "use1-az1",
          "use1-az2",
          "use1-az4",
          "use1-az6",
          "use1-az3",
          "use1-az5"
        ]
      },
      "type": [
        "object",
        {
          "all_availability_zones": "bool",
          "exclude_names": [
            "set",
            "string"
          ],
          "exclude_zone_ids": [
            "set",
            "string"
          ],
          "filter": [
            "set",
            [
              "object",
              {
                "name": "string",
                "values": [
                  "set",
                  "string"
                ]
              }
            ]
          ],
          "group_names": [
            "set",
            "string"
          ],
          "id": "string",
          "names": [
            "list",
            "string"
          ],
          "region": "string",
          "state": "string",
          "timeouts": [
            "object",
            {
              "read": "string"
            }
          ],
          "zone_ids": [
            "list",
            "string"
          ]
        }
      ]
    },
    "aws_ami": {
      "value": "ami-0a03824dd54bbe175",
      "type": "string"
    },
    "caller_identity": {
      "value": {
        "account_id": "798278983146",
        "arn": "arn:aws:iam::798278983146:user/hhr",
        "id": "798278983146",
        "user_id": "AIDA3TXJCTXVGDGEIN4JT"
      },
      "type": [
        "object",
        {
          "account_id": "string",
          "arn": "string",
          "id": "string",
          "user_id": "string"
        }
      ]
    },
    "region": {
      "value": {
        "description": "US East (N. Virginia)",
        "endpoint": "ec2.us-east-1.amazonaws.com",
        "id": "us-east-1",
        "name": "us-east-1",
        "region": "us-east-1"
      },
      "type": [
        "object",
        {
          "description": "string",
          "endpoint": "string",
          "id": "string",
          "name": "string",
          "region": "string"
        }
      ]
    },
    "security_group": {
      "value": "sg-0ef4719f2ae8cc201",
      "type": "string"
    },
    "vpc": {
      "value": "vpc-0131e1b9702638798",
      "type": "string"
    }
  },
  "resources": [
    {
      "mode": "data",
      "type": "aws_ami",
      "name": "ubuntu",
      "provider": "provider[\"registry.terraform.io/hashicorp/aws\"]",
      "instances": [
        {
          "schema_version": 0,
          "attributes": {
            "allow_unsafe_filter": null,
            "architecture": "x86_64",
            "arn": "arn:aws:ec2:us-east-1::image/ami-0a03824dd54bbe175",
            "block_device_mappings": [
              {
                "device_name": "/dev/xvda",
                "ebs": {
                  "delete_on_termination": "true",
                  "encrypted": "false",
                  "iops": "0",
                  "snapshot_id": "snap-0c734d4463593e6e5",
                  "throughput": "0",
                  "volume_initialization_rate": "0",
                  "volume_size": "10",
                  "volume_type": "gp2"
                },
                "no_device": "",
                "virtual_name": ""
              }
            ],
            "boot_mode": "",
            "creation_date": "2025-08-12T15:28:46.000Z",
            "deprecation_time": "2025-08-27T15:29:00.000Z",
            "description": "Cloud9 Cloud9AmazonLinux2 AMI",
            "ena_support": true,
            "executable_users": null,
            "filter": null,
            "hypervisor": "xen",
            "id": "ami-0a03824dd54bbe175",
            "image_id": "ami-0a03824dd54bbe175",
            "image_location": "amazon/Cloud9AmazonLinux2-2025-08-12T14-48",
            "image_owner_alias": "amazon",
            "image_type": "machine",
            "imds_support": "",
            "include_deprecated": false,
            "kernel_id": "",
            "last_launched_time": "",
            "most_recent": true,
            "name": "Cloud9AmazonLinux2-2025-08-12T14-48",
            "name_regex": null,
            "owner_id": "327094444948",
            "owners": [
              "amazon"
            ],
            "platform": "",
            "platform_details": "Linux/UNIX",
            "product_codes": [],
            "public": true,
            "ramdisk_id": "",
            "region": "us-east-1",
            "root_device_name": "/dev/xvda",
            "root_device_type": "ebs",
            "root_snapshot_id": "snap-0c734d4463593e6e5",
            "sriov_net_support": "simple",
            "state": "available",
            "state_reason": {
              "code": "UNSET",
              "message": "UNSET"
            },
            "tags": {},
            "timeouts": null,
            "tpm_support": "",
            "uefi_data": null,
            "usage_operation": "RunInstances",
            "virtualization_type": "hvm"
          },
          "sensitive_attributes": [],
          "identity_schema_version": 0
        }
      ]
    },
    {
      "mode": "data",
      "type": "aws_availability_zones",
      "name": "available",
      "provider": "provider[\"registry.terraform.io/hashicorp/aws\"]",
      "instances": [
        {
          "schema_version": 0,
          "attributes": {
            "all_availability_zones": null,
            "exclude_names": null,
            "exclude_zone_ids": null,
            "filter": null,
            "group_names": [
              "us-east-1-zg-1"
            ],
            "id": "us-east-1",
            "names": [
              "us-east-1a",
              "us-east-1b",
              "us-east-1c",
              "us-east-1d",
              "us-east-1e",
              "us-east-1f"
            ],
            "region": "us-east-1",
            "state": "available",
            "timeouts": null,
            "zone_ids": [
              "use1-az1",
              "use1-az2",
              "use1-az4",
              "use1-az6",
              "use1-az3",
              "use1-az5"
            ]
          },
          "sensitive_attributes": [],
          "identity_schema_version": 0
        }
      ]
    },
    {
      "mode": "data",
      "type": "aws_caller_identity",
      "name": "name",
      "provider": "provider[\"registry.terraform.io/hashicorp/aws\"]",
      "instances": [
        {
          "schema_version": 0,
          "attributes": {
            "account_id": "798278983146",
            "arn": "arn:aws:iam::798278983146:user/hhr",
            "id": "798278983146",
            "user_id": "AIDA3TXJCTXVGDGEIN4JT"
          },
          "sensitive_attributes": [],
          "identity_schema_version": 0
        }
      ]
    },
    {
      "mode": "data",
      "type": "aws_region",
      "name": "region",
      "provider": "provider[\"registry.terraform.io/hashicorp/aws\"]",
      "instances": [
        {
          "schema_version": 0,
          "attributes": {
            "description": "US East (N. Virginia)",
            "endpoint": "ec2.us-east-1.amazonaws.com",
            "id": "us-east-1",
            "name": "us-east-1",
            "region": "us-east-1"
          },
          "sensitive_attributes": [],
          "identity_schema_version": 0
        }
      ]
    },
    {
      "mode": "data",
      "type": "aws_security_group",
      "name": "server",
      "provider": "provider[\"registry.terraform.io/hashicorp/aws\"]",
      "instances": [
        {
          "schema_version": 0,
          "attributes": {
            "arn": "arn:aws:ec2:us-east-1:798278983146:security-group/sg-0ef4719f2ae8cc201",
            "description": "alllow  http",
            "filter": null,
            "id": "sg-0ef4719f2ae8cc201",
            "name": "mysg",
            "region": "us-east-1",
            "tags": {
              "ENV": "PROD",
              "Name": "MySG"
            },
            "timeouts": null,
            "vpc_id": "vpc-0131e1b9702638798"
          },
          "sensitive_attributes": [],
          "identity_schema_version": 0
        }
      ]
    },
    {
      "mode": "data",
      "type": "aws_subnet",
      "name": "subnet",
      "provider": "provider[\"registry.terraform.io/hashicorp/aws\"]",
      "instances": [
        {
          "schema_version": 0,
          "attributes": {
            "arn": "arn:aws:ec2:us-east-1:798278983146:subnet/subnet-07f55a241c9bfdad9",
            "assign_ipv6_address_on_creation": false,
            "availability_zone": "us-east-1a",
            "availability_zone_id": "use1-az1",
            "available_ip_address_count": 251,
            "cidr_block": "10.0.1.0/24",
            "customer_owned_ipv4_pool": "",
            "default_for_az": false,
            "enable_dns64": false,
            "enable_lni_at_device_index": 0,
            "enable_resource_name_dns_a_record_on_launch": false,
            "enable_resource_name_dns_aaaa_record_on_launch": false,
            "filter": [
              {
                "name": "vpc-id",
                "values": [
                  "vpc-0131e1b9702638798"
                ]
              }
            ],
            "id": "subnet-07f55a241c9bfdad9",
            "ipv6_cidr_block": "",
            "ipv6_cidr_block_association_id": "",
            "ipv6_native": false,
            "map_customer_owned_ip_on_launch": false,
            "map_public_ip_on_launch": false,
            "outpost_arn": "",
            "owner_id": "798278983146",
            "private_dns_hostname_type_on_launch": "ip-name",
            "region": "us-east-1",
            "state": "available",
            "tags": {
              "ENV": "PROD",
              "Name": "private-subnet"
            },
            "timeouts": null,
            "vpc_id": "vpc-0131e1b9702638798"
          },
          "sensitive_attributes": [],
          "identity_schema_version": 0
        }
      ]
    },
    {
      "mode": "data",
      "type": "aws_vpc",
      "name": "name",
      "provider": "provider[\"registry.terraform.io/hashicorp/aws\"]",
      "instances": [
        {
          "schema_version": 0,
          "attributes": {
            "arn": "arn:aws:ec2:us-east-1:798278983146:vpc/vpc-0131e1b9702638798",
            "cidr_block": "10.0.0.0/16",
            "cidr_block_associations": [
              {
                "association_id": "vpc-cidr-assoc-0f3276db4bc2989b7",
                "cidr_block": "10.0.0.0/16",
                "state": "associated"
              }
            ],
            "default": false,
            "dhcp_options_id": "dopt-0a38c3f193da23968",
            "enable_dns_hostnames": false,
            "enable_dns_support": true,
            "enable_network_address_usage_metrics": false,
            "filter": null,
            "id": "vpc-0131e1b9702638798",
            "instance_tenancy": "default",
            "ipv6_association_id": "",
            "ipv6_cidr_block": "",
            "main_route_table_id": "rtb-067fd0a27c8f3ff62",
            "owner_id": "798278983146",
            "region": "us-east-1",
            "state": null,
            "tags": {
              "ENV": "PROD",
              "Name": "vpc1"
            },
            "timeouts": null
          },
          "sensitive_attributes": [],
          "identity_schema_version": 0
        }
      ]
    },
    {
      "mode": "managed",
      "type": "aws_instance",
      "name": "server",
      "provider": "provider[\"registry.terraform.io/hashicorp/aws\"]",
      "instances": [
        {
          "schema_version": 2,
          "attributes": {
            "ami": "ami-020cba7c55df1f615",
            "arn": "arn:aws:ec2:us-east-1:798278983146:instance/i-0575c10f0ef1a6327",
            "associate_public_ip_address": false,
            "availability_zone": "us-east-1a",
            "capacity_reservation_specification": [
              {
                "capacity_reservation_preference": "open",
                "capacity_reservation_target": []
              }
            ],
            "cpu_options": [
              {
                "amd_sev_snp": "",
                "core_count": 1,
                "threads_per_core": 1
              }
            ],
            "credit_specification": [
              {
                "cpu_credits": "standard"
              }
            ],
            "disable_api_stop": false,
            "disable_api_termination": false,
            "ebs_block_device": [],
            "ebs_optimized": false,
            "enable_primary_ipv6": null,
            "enclave_options": [
              {
                "enabled": false
              }
            ],
            "ephemeral_block_device": [],
            "force_destroy": false,
            "get_password_data": false,
            "hibernation": false,
            "host_id": "",
            "host_resource_group_arn": null,
            "iam_instance_profile": "",
            "id": "i-0575c10f0ef1a6327",
            "instance_initiated_shutdown_behavior": "stop",
            "instance_lifecycle": "",
            "instance_market_options": [],
            "instance_state": "running",
            "instance_type": "t2.micro",
            "ipv6_address_count": 0,
            "ipv6_addresses": [],
            "key_name": "",
            "launch_template": [],
            "maintenance_options": [
              {
                "auto_recovery": "default"
              }
            ],
            "metadata_options": [
              {
                "http_endpoint": "enabled",
                "http_protocol_ipv6": "disabled",
                "http_put_response_hop_limit": 2,
                "http_tokens": "required",
                "instance_metadata_tags": "disabled"
              }
            ],
            "monitoring": false,
            "network_interface": [],
            "outpost_arn": "",
            "password_data": "",
            "placement_group": "",
            "placement_partition_number": 0,
            "primary_network_interface_id": "eni-064f5896c2c160044",
            "private_dns": "ip-10-0-1-242.ec2.internal",
            "private_dns_name_options": [
              {
                "enable_resource_name_dns_a_record": false,
                "enable_resource_name_dns_aaaa_record": false,
                "hostname_type": "ip-name"
              }
            ],
            "private_ip": "10.0.1.242",
            "public_dns": "",
            "public_ip": "",
            "region": "us-east-1",
            "root_block_device": [
              {
                "delete_on_termination": true,
                "device_name": "/dev/sda1",
                "encrypted": false,
                "iops": 3000,
                "kms_key_id": "",
                "tags": {},
                "tags_all": {},
                "throughput": 125,
                "volume_id": "vol-03622433b31db8e66",
                "volume_size": 8,
                "volume_type": "gp3"
              }
            ],
            "secondary_private_ips": [],
            "security_groups": [
              "sg-0ef4719f2ae8cc201"
            ],
            "source_dest_check": true,
            "spot_instance_request_id": "",
            "subnet_id": "subnet-07f55a241c9bfdad9",
            "tags": {
              "Name": "MyServer"
            },
            "tags_all": {
              "Name": "MyServer"
            },
            "tenancy": "default",
            "timeouts": null,
            "user_data": null,
            "user_data_base64": null,
            "user_data_replace_on_change": false,
            "volume_tags": null,
            "vpc_security_group_ids": [
              "sg-0ef4719f2ae8cc201"
            ]
          },
          "sensitive_attributes": [],
          "identity_schema_version": 0,
          "private": "eyJlMmJmYjczMC1lY2FhLTExZTYtOGY4OC0zNDM2M2JjN2M0YzAiOnsiY3JlYXRlIjo2MDAwMDAwMDAwMDAsImRlbGV0ZSI6MTIwMDAwMDAwMDAwMCwicmVhZCI6OTAwMDAwMDAwMDAwLCJ1cGRhdGUiOjYwMDAwMDAwMDAwMH0sInNjaGVtYV92ZXJzaW9uIjoiMiJ9",
          "dependencies": [
            "data.aws_security_group.server",
            "data.aws_subnet.subnet",
            "data.aws_vpc.name"
          ]
        }
      ]
    }
  ],
  "check_results": null
}
